
Microsoft Visual Studio Solution File, Format Version 12.00
# Visual Studio Version 16
VisualStudioVersion = 16.0.30503.244
MinimumVisualStudioVersion = 10.0.40219.1
Project("{FAE04EC0-301F-11D3-BF4B-00C04F79EFBC}") = "CoursePreReqResolver", "CoursePreReqResolver\CoursePreReqResolver.csproj", "{442DAAC2-EEAD-4637-895A-27A18BB07A74}"
EndProject
Project("{FAE04EC0-301F-11D3-BF4B-00C04F79EFBC}") = "CoursePreReqResolverTest", "CoursePreReqResolverTest\CoursePreReqResolverTest.csproj", "{06D09E73-7AE3-4751-94C0-5585577355CF}"
EndProject
Global
	GlobalSection(SolutionConfigurationPlatforms) = preSolution
		Debug|Any CPU = Debug|Any CPU
		Release|Any CPU = Release|Any CPU
	EndGlobalSection
	GlobalSection(ProjectConfigurationPlatforms) = postSolution
		{442DAAC2-EEAD-4637-895A-27A18BB07A74}.Debug|Any CPU.ActiveCfg = Debug|Any CPU
		{442DAAC2-EEAD-4637-895A-27A18BB07A74}.Debug|Any CPU.Build.0 = Debug|Any CPU
		{442DAAC2-EEAD-4637-895A-27A18BB07A74}.Release|Any CPU.ActiveCfg = Release|Any CPU
		{442DAAC2-EEAD-4637-895A-27A18BB07A74}.Release|Any CPU.Build.0 = Release|Any CPU
		{06D09E73-7AE3-4751-94C0-5585577355CF}.Debug|Any CPU.ActiveCfg = Debug|Any CPU
		{06D09E73-7AE3-4751-94C0-5585577355CF}.Debug|Any CPU.Build.0 = Debug|Any CPU
		{06D09E73-7AE3-4751-94C0-5585577355CF}.Release|Any CPU.ActiveCfg = Release|Any CPU
		{06D09E73-7AE3-4751-94C0-5585577355CF}.Release|Any CPU.Build.0 = Release|Any CPU
	EndGlobalSection
	GlobalSection(SolutionProperties) = preSolution
		HideSolutionNode = FALSE
	EndGlobalSection
	GlobalSection(ExtensibilityGlobals) = postSolution
		SolutionGuid = {C712C87E-1256-4AE4-B349-3C9B44E61F5F}
	EndGlobalSection
EndGlobal
