
Microsoft Visual Studio Solution File, Format Version 12.00
# Visual Studio Version 16
VisualStudioVersion = 16.0.29709.97
MinimumVisualStudioVersion = 10.0.40219.1
Project("{FAE04EC0-301F-11D3-BF4B-00C04F79EFBC}") = "JobNimbus", "JobNimbus\JobNimbus.csproj", "{AE875364-726D-4DE2-A548-985CBCA2E4CE}"
EndProject
Project("{FAE04EC0-301F-11D3-BF4B-00C04F79EFBC}") = "JobNimbusTest", "JobNimbusTest\JobNimbusTest.csproj", "{439A94BB-A26F-43F5-A886-12DB34FF3420}"
EndProject
Global
	GlobalSection(SolutionConfigurationPlatforms) = preSolution
		Debug|Any CPU = Debug|Any CPU
		Release|Any CPU = Release|Any CPU
	EndGlobalSection
	GlobalSection(ProjectConfigurationPlatforms) = postSolution
		{AE875364-726D-4DE2-A548-985CBCA2E4CE}.Debug|Any CPU.ActiveCfg = Debug|Any CPU
		{AE875364-726D-4DE2-A548-985CBCA2E4CE}.Debug|Any CPU.Build.0 = Debug|Any CPU
		{AE875364-726D-4DE2-A548-985CBCA2E4CE}.Release|Any CPU.ActiveCfg = Release|Any CPU
		{AE875364-726D-4DE2-A548-985CBCA2E4CE}.Release|Any CPU.Build.0 = Release|Any CPU
		{439A94BB-A26F-43F5-A886-12DB34FF3420}.Debug|Any CPU.ActiveCfg = Debug|Any CPU
		{439A94BB-A26F-43F5-A886-12DB34FF3420}.Debug|Any CPU.Build.0 = Debug|Any CPU
		{439A94BB-A26F-43F5-A886-12DB34FF3420}.Release|Any CPU.ActiveCfg = Release|Any CPU
		{439A94BB-A26F-43F5-A886-12DB34FF3420}.Release|Any CPU.Build.0 = Release|Any CPU
	EndGlobalSection
	GlobalSection(SolutionProperties) = preSolution
		HideSolutionNode = FALSE
	EndGlobalSection
	GlobalSection(ExtensibilityGlobals) = postSolution
		SolutionGuid = {C5605198-5964-4AC3-BA35-9FBBF037382D}
	EndGlobalSection
EndGlobal
